
Microsoft Visual Studio Solution File, Format Version 12.00
# Visual Studio 14
VisualStudioVersion = 14.0.25420.1
MinimumVisualStudioVersion = 10.0.40219.1
Project("{FAE04EC0-301F-11D3-BF4B-00C04F79EFBC}") = "ECommerce", "ECommerce\ECommerce.csproj", "{D726E18E-3B12-4F98-A65B-2166565EE2D4}"
EndProject
Project("{FAE04EC0-301F-11D3-BF4B-00C04F79EFBC}") = "ECommerce.Data", "ECommerce.Data\ECommerce.Data.csproj", "{0EC34668-8C96-4594-AA3C-CF5A741C6DBA}"
EndProject
Project("{FAE04EC0-301F-11D3-BF4B-00C04F79EFBC}") = "RegisterAdmin", "RegisterAdmin\RegisterAdmin.csproj", "{1F28B3C7-F2CB-45D8-A7B7-D087254D2823}"
EndProject
Global
	GlobalSection(SolutionConfigurationPlatforms) = preSolution
		Debug|Any CPU = Debug|Any CPU
		Release|Any CPU = Release|Any CPU
	EndGlobalSection
	GlobalSection(ProjectConfigurationPlatforms) = postSolution
		{D726E18E-3B12-4F98-A65B-2166565EE2D4}.Debug|Any CPU.ActiveCfg = Debug|Any CPU
		{D726E18E-3B12-4F98-A65B-2166565EE2D4}.Debug|Any CPU.Build.0 = Debug|Any CPU
		{D726E18E-3B12-4F98-A65B-2166565EE2D4}.Release|Any CPU.ActiveCfg = Release|Any CPU
		{D726E18E-3B12-4F98-A65B-2166565EE2D4}.Release|Any CPU.Build.0 = Release|Any CPU
		{0EC34668-8C96-4594-AA3C-CF5A741C6DBA}.Debug|Any CPU.ActiveCfg = Debug|Any CPU
		{0EC34668-8C96-4594-AA3C-CF5A741C6DBA}.Debug|Any CPU.Build.0 = Debug|Any CPU
		{0EC34668-8C96-4594-AA3C-CF5A741C6DBA}.Release|Any CPU.ActiveCfg = Release|Any CPU
		{0EC34668-8C96-4594-AA3C-CF5A741C6DBA}.Release|Any CPU.Build.0 = Release|Any CPU
		{1F28B3C7-F2CB-45D8-A7B7-D087254D2823}.Debug|Any CPU.ActiveCfg = Debug|Any CPU
		{1F28B3C7-F2CB-45D8-A7B7-D087254D2823}.Debug|Any CPU.Build.0 = Debug|Any CPU
		{1F28B3C7-F2CB-45D8-A7B7-D087254D2823}.Release|Any CPU.ActiveCfg = Release|Any CPU
		{1F28B3C7-F2CB-45D8-A7B7-D087254D2823}.Release|Any CPU.Build.0 = Release|Any CPU
	EndGlobalSection
	GlobalSection(SolutionProperties) = preSolution
		HideSolutionNode = FALSE
	EndGlobalSection
EndGlobal
